
Microsoft Visual Studio Solution File, Format Version 12.00
# Visual Studio Version 16
VisualStudioVersion = 16.0.31624.102
MinimumVisualStudioVersion = 10.0.40219.1
Project("{8BC9CEB8-8B4A-11D0-8D11-00A0C91BC942}") = "TP4", "TP4.vcxproj", "{7A8A2476-FC50-4B65-821F-5F9D889BDE91}"
EndProject
Global
	GlobalSection(SolutionConfigurationPlatforms) = preSolution
		Debug|x86 = Debug|x86
		Release|x86 = Release|x86
	EndGlobalSection
	GlobalSection(ProjectConfigurationPlatforms) = postSolution
		{7A8A2476-FC50-4B65-821F-5F9D889BDE91}.Debug|x86.ActiveCfg = Debug|Win32
		{7A8A2476-FC50-4B65-821F-5F9D889BDE91}.Debug|x86.Build.0 = Debug|Win32
		{7A8A2476-FC50-4B65-821F-5F9D889BDE91}.Release|x86.ActiveCfg = Release|Win32
		{7A8A2476-FC50-4B65-821F-5F9D889BDE91}.Release|x86.Build.0 = Release|Win32
	EndGlobalSection
	GlobalSection(SolutionProperties) = preSolution
		HideSolutionNode = FALSE
	EndGlobalSection
	GlobalSection(ExtensibilityGlobals) = postSolution
		SolutionGuid = {6D852698-92F3-494B-AE5B-898B78DC7C88}
	EndGlobalSection
EndGlobal
